
Microsoft Visual Studio Solution File, Format Version 12.00
# Blend for Visual Studio 15
VisualStudioVersion = 15.0.28307.1800
MinimumVisualStudioVersion = 10.0.40219.1
Project("{FAE04EC0-301F-11D3-BF4B-00C04F79EFBC}") = "MM", "MM\MM.csproj", "{21B5A2D5-4CF4-4CE4-8590-1D93A09F3F25}"
EndProject
Global
	GlobalSection(SolutionConfigurationPlatforms) = preSolution
		Debug|Any CPU = Debug|Any CPU
		Release|Any CPU = Release|Any CPU
	EndGlobalSection
	GlobalSection(ProjectConfigurationPlatforms) = postSolution
		{21B5A2D5-4CF4-4CE4-8590-1D93A09F3F25}.Debug|Any CPU.ActiveCfg = Debug|Any CPU
		{21B5A2D5-4CF4-4CE4-8590-1D93A09F3F25}.Debug|Any CPU.Build.0 = Debug|Any CPU
		{21B5A2D5-4CF4-4CE4-8590-1D93A09F3F25}.Release|Any CPU.ActiveCfg = Release|Any CPU
		{21B5A2D5-4CF4-4CE4-8590-1D93A09F3F25}.Release|Any CPU.Build.0 = Release|Any CPU
	EndGlobalSection
	GlobalSection(SolutionProperties) = preSolution
		HideSolutionNode = FALSE
	EndGlobalSection
	GlobalSection(ExtensibilityGlobals) = postSolution
		SolutionGuid = {B791CACD-75DB-43C3-A912-4AFC57EAEC06}
	EndGlobalSection
EndGlobal
